dependencies:
  espressif/mdns:
    component_hash: af6306fe65d637a3683d1cf671508fcedd6b05f9ca029a8815abeab64001fb8d
    source:
      service_url: https://api.components.espressif.com/
      type: service
    version: 1.4.0
  idf:
    component_hash: null
    source:
      type: idf
    version: 5.3.0
manifest_hash: 3b9c0925ae7cf00f2632068bf64dbb31e55897b88bc6c7cd24c37a9b5aa4d059
target: esp32
version: 1.0.0
